<?xml version="1.0" encoding="utf-8"?>
<Project ToolsVersion="4.0" xmlns="http://schemas.microsoft.com/developer/msbuild/2003">
  <ItemGroup>
    <ClCompile Include="Core.cpp" />
    <ClCompile Include="template.cpp" />
    <ClCompile Include="Animation.cpp">
      <Filter>Sources\Animation</Filter>
    </ClCompile>
    <ClCompile Include="Background.cpp">
      <Filter>Sources\Background</Filter>
    </ClCompile>
    <ClCompile Include="Background.h">
      <Filter>Sources\Background</Filter>
    </ClCompile>
    <ClCompile Include="Character.cpp">
      <Filter>Sources\Character</Filter>
    </ClCompile>
    <ClCompile Include="Text.cpp">
      <Filter>Sources\Text</Filter>
    </ClCompile>
    <ClCompile Include="Entity.cpp">
      <Filter>Sources\Entity</Filter>
    </ClCompile>
    <ClCompile Include="Time.cpp">
      <Filter>Sources\Time</Filter>
    </ClCompile>
    <ClCompile Include="Button.cpp">
      <Filter>Sources\Button</Filter>
    </ClCompile>
    <ClCompile Include="Audio.cpp">
      <Filter>Sources\Audio</Filter>
    </ClCompile>
    <ClCompile Include="Score.cpp">
      <Filter>Sources\Score</Filter>
    </ClCompile>
  </ItemGroup>
  <ItemGroup>
    <ClInclude Include="template.h" />
    <ClInclude Include="Animation.h">
      <Filter>Sources\Animation</Filter>
    </ClInclude>
    <ClInclude Include="Character.h">
      <Filter>Sources\Character</Filter>
    </ClInclude>
    <ClInclude Include="Direction.h">
      <Filter>Sources\Direction</Filter>
    </ClInclude>
    <ClInclude Include="Text.h">
      <Filter>Sources\Text</Filter>
    </ClInclude>
    <ClInclude Include="AnimationTypes.h">
      <Filter>Sources\Animation</Filter>
    </ClInclude>
    <ClInclude Include="string.h">
      <Filter>Sources</Filter>
    </ClInclude>
    <ClInclude Include="Entity.h">
      <Filter>Sources\Entity</Filter>
    </ClInclude>
    <ClInclude Include="Time.h">
      <Filter>Sources\Time</Filter>
    </ClInclude>
    <ClInclude Include="Button.h">
      <Filter>Sources\Button</Filter>
    </ClInclude>
    <ClInclude Include="Audio.h">
      <Filter>Sources\Audio</Filter>
    </ClInclude>
    <ClInclude Include="Score.h">
      <Filter>Sources\Score</Filter>
    </ClInclude>
  </ItemGroup>
  <ItemGroup>
    <Filter Include="Sources">
      <UniqueIdentifier>{91938e01-4acc-4f9e-af8c-8a25c5ab0157}</UniqueIdentifier>
    </Filter>
    <Filter Include="Sources\Animation">
      <UniqueIdentifier>{ca0958b4-98e0-42c6-8cb4-7b232887fbe8}</UniqueIdentifier>
    </Filter>
    <Filter Include="Sources\Background">
      <UniqueIdentifier>{44000f05-e0c4-4729-8778-eeb63a743d97}</UniqueIdentifier>
    </Filter>
    <Filter Include="Sources\Character">
      <UniqueIdentifier>{219e9a64-14b0-45b4-abde-07f7b0af815b}</UniqueIdentifier>
    </Filter>
    <Filter Include="Sources\Direction">
      <UniqueIdentifier>{4673a475-894c-46da-97c9-49db3689dc85}</UniqueIdentifier>
    </Filter>
    <Filter Include="Sources\Text">
      <UniqueIdentifier>{3f5a8d43-55d8-415f-a716-55552ebaad8f}</UniqueIdentifier>
    </Filter>
    <Filter Include="Sources\Entity">
      <UniqueIdentifier>{35f8d348-059e-45fd-b09a-8871b4964a4a}</UniqueIdentifier>
    </Filter>
    <Filter Include="Sources\Time">
      <UniqueIdentifier>{3b340626-356e-4bc6-95cf-cd300646afed}</UniqueIdentifier>
    </Filter>
    <Filter Include="Sources\Button">
      <UniqueIdentifier>{1d1d3dad-2168-4011-a040-f99cba165521}</UniqueIdentifier>
    </Filter>
    <Filter Include="Sources\Audio">
      <UniqueIdentifier>{155e4ee4-b9c1-4135-95b0-05802f9cc244}</UniqueIdentifier>
    </Filter>
    <Filter Include="Sources\Score">
      <UniqueIdentifier>{32f212b9-d3d0-4761-8b61-e49e4ff0940b}</UniqueIdentifier>
    </Filter>
  </ItemGroup>
</Project>